
Microsoft Visual Studio Solution File, Format Version 12.00
# Visual Studio Version 18
Project("{8BC9CEB8-8B4A-11D0-8D11-00A0C91BC942}") = "ALL_BUILD", "ALL_BUILD.vcxproj", "{214B1256-E6DE-3234-9E68-D0D87E714007}"
	ProjectSection(ProjectDependencies) = postProject
		{67B45CFD-77B2-34BB-B23F-51AFC432BE42} = {67B45CFD-77B2-34BB-B23F-51AFC432BE42}
		{30F12833-FFCD-34E5-9A4A-7A483EE10AE7} = {30F12833-FFCD-34E5-9A4A-7A483EE10AE7}
		{30420522-325D-3EE9-8199-AE521AE2197E} = {30420522-325D-3EE9-8199-AE521AE2197E}
	EndProjectSection
EndProject
Project("{8BC9CEB8-8B4A-11D0-8D11-00A0C91BC942}") = "ZERO_CHECK", "ZERO_CHECK.vcxproj", "{67B45CFD-77B2-34BB-B23F-51AFC432BE42}"
	ProjectSection(ProjectDependencies) = postProject
	EndProjectSection
EndProject
Project("{8BC9CEB8-8B4A-11D0-8D11-00A0C91BC942}") = "calc", "calc.vcxproj", "{30F12833-FFCD-34E5-9A4A-7A483EE10AE7}"
	ProjectSection(ProjectDependencies) = postProject
		{67B45CFD-77B2-34BB-B23F-51AFC432BE42} = {67B45CFD-77B2-34BB-B23F-51AFC432BE42}
		{30420522-325D-3EE9-8199-AE521AE2197E} = {30420522-325D-3EE9-8199-AE521AE2197E}
	EndProjectSection
EndProject
Project("{8BC9CEB8-8B4A-11D0-8D11-00A0C91BC942}") = "maths", "maths.vcxproj", "{30420522-325D-3EE9-8199-AE521AE2197E}"
	ProjectSection(ProjectDependencies) = postProject
		{67B45CFD-77B2-34BB-B23F-51AFC432BE42} = {67B45CFD-77B2-34BB-B23F-51AFC432BE42}
	EndProjectSection
EndProject
Global
	GlobalSection(SolutionConfigurationPlatforms) = preSolution
		Debug|x64 = Debug|x64
		Release|x64 = Release|x64
		MinSizeRel|x64 = MinSizeRel|x64
		RelWithDebInfo|x64 = RelWithDebInfo|x64
	EndGlobalSection
	GlobalSection(ProjectConfigurationPlatforms) = postSolution
		{214B1256-E6DE-3234-9E68-D0D87E714007}.Debug|x64.ActiveCfg = Debug|x64
		{214B1256-E6DE-3234-9E68-D0D87E714007}.Release|x64.ActiveCfg = Release|x64
		{214B1256-E6DE-3234-9E68-D0D87E714007}.MinSizeRel|x64.ActiveCfg = MinSizeRel|x64
		{214B1256-E6DE-3234-9E68-D0D87E714007}.RelWithDebInfo|x64.ActiveCfg = RelWithDebInfo|x64
		{67B45CFD-77B2-34BB-B23F-51AFC432BE42}.Debug|x64.ActiveCfg = Debug|x64
		{67B45CFD-77B2-34BB-B23F-51AFC432BE42}.Debug|x64.Build.0 = Debug|x64
		{67B45CFD-77B2-34BB-B23F-51AFC432BE42}.Release|x64.ActiveCfg = Release|x64
		{67B45CFD-77B2-34BB-B23F-51AFC432BE42}.Release|x64.Build.0 = Release|x64
		{67B45CFD-77B2-34BB-B23F-51AFC432BE42}.MinSizeRel|x64.ActiveCfg = MinSizeRel|x64
		{67B45CFD-77B2-34BB-B23F-51AFC432BE42}.MinSizeRel|x64.Build.0 = MinSizeRel|x64
		{67B45CFD-77B2-34BB-B23F-51AFC432BE42}.RelWithDebInfo|x64.ActiveCfg = RelWithDebInfo|x64
		{67B45CFD-77B2-34BB-B23F-51AFC432BE42}.RelWithDebInfo|x64.Build.0 = RelWithDebInfo|x64
		{30F12833-FFCD-34E5-9A4A-7A483EE10AE7}.Debug|x64.ActiveCfg = Debug|x64
		{30F12833-FFCD-34E5-9A4A-7A483EE10AE7}.Debug|x64.Build.0 = Debug|x64
		{30F12833-FFCD-34E5-9A4A-7A483EE10AE7}.Release|x64.ActiveCfg = Release|x64
		{30F12833-FFCD-34E5-9A4A-7A483EE10AE7}.Release|x64.Build.0 = Release|x64
		{30F12833-FFCD-34E5-9A4A-7A483EE10AE7}.MinSizeRel|x64.ActiveCfg = MinSizeRel|x64
		{30F12833-FFCD-34E5-9A4A-7A483EE10AE7}.MinSizeRel|x64.Build.0 = MinSizeRel|x64
		{30F12833-FFCD-34E5-9A4A-7A483EE10AE7}.RelWithDebInfo|x64.ActiveCfg = RelWithDebInfo|x64
		{30F12833-FFCD-34E5-9A4A-7A483EE10AE7}.RelWithDebInfo|x64.Build.0 = RelWithDebInfo|x64
		{30420522-325D-3EE9-8199-AE521AE2197E}.Debug|x64.ActiveCfg = Debug|x64
		{30420522-325D-3EE9-8199-AE521AE2197E}.Debug|x64.Build.0 = Debug|x64
		{30420522-325D-3EE9-8199-AE521AE2197E}.Release|x64.ActiveCfg = Release|x64
		{30420522-325D-3EE9-8199-AE521AE2197E}.Release|x64.Build.0 = Release|x64
		{30420522-325D-3EE9-8199-AE521AE2197E}.MinSizeRel|x64.ActiveCfg = MinSizeRel|x64
		{30420522-325D-3EE9-8199-AE521AE2197E}.MinSizeRel|x64.Build.0 = MinSizeRel|x64
		{30420522-325D-3EE9-8199-AE521AE2197E}.RelWithDebInfo|x64.ActiveCfg = RelWithDebInfo|x64
		{30420522-325D-3EE9-8199-AE521AE2197E}.RelWithDebInfo|x64.Build.0 = RelWithDebInfo|x64
	EndGlobalSection
	GlobalSection(ExtensibilityGlobals) = postSolution
		SolutionGuid = {4377FA41-5AC3-3EC2-8B38-45BB6CBAFA58}
	EndGlobalSection
	GlobalSection(ExtensibilityAddIns) = postSolution
	EndGlobalSection
EndGlobal
