<?xml version="1.0" encoding="utf-8"?>
<Project ToolsVersion="18.0" xmlns="http://schemas.microsoft.com/developer/msbuild/2003">
  <ItemGroup>
    <CustomBuild Include="C:\Users\eitan\2025_20644696\Worksheet4\build_shared\CMakeFiles\dbc302a7755c872d80551a630dfef46e\generate.stamp.rule">
      <Filter>CMake Rules</Filter>
    </CustomBuild>
  </ItemGroup>
  <ItemGroup>
    <Filter Include="CMake Rules">
      <UniqueIdentifier>{ACF4A048-E470-39B9-9837-206A6F78856D}</UniqueIdentifier>
    </Filter>
  </ItemGroup>
</Project>
